
Microsoft Visual Studio Solution File, Format Version 12.00
# Visual Studio 15
VisualStudioVersion = 15.0.27703.2042
MinimumVisualStudioVersion = 10.0.40219.1
Project("{FAE04EC0-301F-11D3-BF4B-00C04F79EFBC}") = "DevOpsDemo1", "DevOpsDemo1\DevOpsDemo1.csproj", "{04FAAA6F-1E54-40F1-90EA-1A1315E56BD5}"
EndProject
Project("{FAE04EC0-301F-11D3-BF4B-00C04F79EFBC}") = "DevOpsDemo1.Domain", "DevOpsDemo1.Domain\DevOpsDemo1.Domain.csproj", "{D4F665E3-B99E-4532-9BC2-2E48289F2E40}"
EndProject
Project("{FAE04EC0-301F-11D3-BF4B-00C04F79EFBC}") = "DevOpsDemo1.Repository", "DevOpsDemo1.Repository\DevOpsDemo1.Repository.csproj", "{427ED778-100E-419D-B49E-C27F1213F947}"
EndProject
Global
	GlobalSection(SolutionConfigurationPlatforms) = preSolution
		Debug|Any CPU = Debug|Any CPU
		Release|Any CPU = Release|Any CPU
	EndGlobalSection
	GlobalSection(ProjectConfigurationPlatforms) = postSolution
		{04FAAA6F-1E54-40F1-90EA-1A1315E56BD5}.Debug|Any CPU.ActiveCfg = Debug|Any CPU
		{04FAAA6F-1E54-40F1-90EA-1A1315E56BD5}.Debug|Any CPU.Build.0 = Debug|Any CPU
		{04FAAA6F-1E54-40F1-90EA-1A1315E56BD5}.Release|Any CPU.ActiveCfg = Release|Any CPU
		{04FAAA6F-1E54-40F1-90EA-1A1315E56BD5}.Release|Any CPU.Build.0 = Release|Any CPU
		{D4F665E3-B99E-4532-9BC2-2E48289F2E40}.Debug|Any CPU.ActiveCfg = Debug|Any CPU
		{D4F665E3-B99E-4532-9BC2-2E48289F2E40}.Debug|Any CPU.Build.0 = Debug|Any CPU
		{D4F665E3-B99E-4532-9BC2-2E48289F2E40}.Release|Any CPU.ActiveCfg = Release|Any CPU
		{D4F665E3-B99E-4532-9BC2-2E48289F2E40}.Release|Any CPU.Build.0 = Release|Any CPU
		{427ED778-100E-419D-B49E-C27F1213F947}.Debug|Any CPU.ActiveCfg = Debug|Any CPU
		{427ED778-100E-419D-B49E-C27F1213F947}.Debug|Any CPU.Build.0 = Debug|Any CPU
		{427ED778-100E-419D-B49E-C27F1213F947}.Release|Any CPU.ActiveCfg = Release|Any CPU
		{427ED778-100E-419D-B49E-C27F1213F947}.Release|Any CPU.Build.0 = Release|Any CPU
	EndGlobalSection
	GlobalSection(SolutionProperties) = preSolution
		HideSolutionNode = FALSE
	EndGlobalSection
	GlobalSection(ExtensibilityGlobals) = postSolution
		SolutionGuid = {AEB02C51-E7E2-476C-A05A-D283D437A48F}
	EndGlobalSection
EndGlobal
